
Microsoft Visual Studio Solution File, Format Version 12.00
# Visual Studio Version 16
VisualStudioVersion = 16.0.30114.105
MinimumVisualStudioVersion = 10.0.40219.1
Project("{8BC9CEB8-8B4A-11D0-8D11-00A0C91BC942}") = "CudaConvolution", "CudaConvolution.vcxproj", "{DC79D087-12CD-4DA4-AE26-C8C83E476F1A}"
EndProject
Global
	GlobalSection(SolutionConfigurationPlatforms) = preSolution
		Debug|x64 = Debug|x64
		Release|x64 = Release|x64
	EndGlobalSection
	GlobalSection(ProjectConfigurationPlatforms) = postSolution
		{DC79D087-12CD-4DA4-AE26-C8C83E476F1A}.Debug|x64.ActiveCfg = Debug|x64
		{DC79D087-12CD-4DA4-AE26-C8C83E476F1A}.Debug|x64.Build.0 = Debug|x64
		{DC79D087-12CD-4DA4-AE26-C8C83E476F1A}.Release|x64.ActiveCfg = Release|x64
		{DC79D087-12CD-4DA4-AE26-C8C83E476F1A}.Release|x64.Build.0 = Release|x64
	EndGlobalSection
	GlobalSection(SolutionProperties) = preSolution
		HideSolutionNode = FALSE
	EndGlobalSection
	GlobalSection(ExtensibilityGlobals) = postSolution
		SolutionGuid = {ECE2BABE-23BB-40A4-A2D1-791EBDF8BC3F}
	EndGlobalSection
EndGlobal
